// !$*UTF8*$!
{
	archiveVersion = 1;
	classes = {
	};
	objectVersion = 56;
	objects = {

/* Begin PBXBuildFile section */
		7E977DE12934BBEC00431F22 /* HelloCoffeeApp.swift in Sources */ = {isa = PBXBuildFile; fileRef = 7E977DE02934BBEC00431F22 /* HelloCoffeeApp.swift */; };
		7E977DE32934BBEC00431F22 /* ContentView.swift in Sources */ = {isa = PBXBuildFile; fileRef = 7E977DE22934BBEC00431F22 /* ContentView.swift */; };
		7E977DE52934BBED00431F22 /* Assets.xcassets in Resources */ = {isa = PBXBuildFile; fileRef = 7E977DE42934BBED00431F22 /* Assets.xcassets */; };
		7E977DE82934BBED00431F22 /* Preview Assets.xcassets in Resources */ = {isa = PBXBuildFile; fileRef = 7E977DE72934BBED00431F22 /* Preview Assets.xcassets */; };
		7E977DF02934BC1100431F22 /* Webservice.swift in Sources */ = {isa = PBXBuildFile; fileRef = 7E977DEF2934BC1100431F22 /* Webservice.swift */; };
		7E977DF32934BCA600431F22 /* Order.swift in Sources */ = {isa = PBXBuildFile; fileRef = 7E977DF22934BCA600431F22 /* Order.swift */; };
		7E977DF62934C01A00431F22 /* CoffeeModel.swift in Sources */ = {isa = PBXBuildFile; fileRef = 7E977DF52934C01A00431F22 /* CoffeeModel.swift */; };
		7E977DFB2934C8F100431F22 /* NumberFormatter+Currency.swift in Sources */ = {isa = PBXBuildFile; fileRef = 7E977DFA2934C8F100431F22 /* NumberFormatter+Currency.swift */; };
		7E977DFF2934CAAE00431F22 /* OrderCellView.swift in Sources */ = {isa = PBXBuildFile; fileRef = 7E977DFE2934CAAE00431F22 /* OrderCellView.swift */; };
		7E977E022934CBCA00431F22 /* Configuration.swift in Sources */ = {isa = PBXBuildFile; fileRef = 7E977E012934CBCA00431F22 /* Configuration.swift */; };
		7E977E0A2934D31B00431F22 /* WhenAppIsLaunchedWithNoOrdersTests.swift in Sources */ = {isa = PBXBuildFile; fileRef = 7E977E092934D31B00431F22 /* WhenAppIsLaunchedWithNoOrdersTests.swift */; };
		7E977E152934ED9000431F22 /* AddCoffeeView.swift in Sources */ = {isa = PBXBuildFile; fileRef = 7E977E142934ED9000431F22 /* AddCoffeeView.swift */; };
		7E977E172934F0E200431F22 /* View+CenterHorizontal.swift in Sources */ = {isa = PBXBuildFile; fileRef = 7E977E162934F0E200431F22 /* View+CenterHorizontal.swift */; };
		7E977E192934F43700431F22 /* String+isNumeric.swift in Sources */ = {isa = PBXBuildFile; fileRef = 7E977E182934F43700431F22 /* String+isNumeric.swift */; };
		7E977E1B2934F47C00431F22 /* String+isLessThan.swift in Sources */ = {isa = PBXBuildFile; fileRef = 7E977E1A2934F47C00431F22 /* String+isLessThan.swift */; };
		7E977E1D2934FB2800431F22 /* WhenAddingANewCoffeeOrderTests.swift in Sources */ = {isa = PBXBuildFile; fileRef = 7E977E1C2934FB2800431F22 /* WhenAddingANewCoffeeOrderTests.swift */; };
		7E977E212935168300431F22 /* WhenDeletingAnOrderTests.swift in Sources */ = {isa = PBXBuildFile; fileRef = 7E977E202935168300431F22 /* WhenDeletingAnOrderTests.swift */; };
/* End PBXBuildFile section */

/* Begin PBXContainerItemProxy section */
		7E977E0D2934D31B00431F22 /* PBXContainerItemProxy */ = {
			isa = PBXContainerItemProxy;
			containerPortal = 7E977DD52934BBEC00431F22 /* Project object */;
			proxyType = 1;
			remoteGlobalIDString = 7E977DDC2934BBEC00431F22;
			remoteInfo = HelloCoffee;
		};
/* End PBXContainerItemProxy section */

/* Begin PBXFileReference section */
		7E977DDD2934BBEC00431F22 /* HelloCoffee.app */ = {isa = PBXFileReference; explicitFileType = wrapper.application; includeInIndex = 0; path = HelloCoffee.app; sourceTree = BUILT_PRODUCTS_DIR; };
		7E977DE02934BBEC00431F22 /* HelloCoffeeApp.swift */ = {isa = PBXFileReference; lastKnownFileType = sourcecode.swift; path = HelloCoffeeApp.swift; sourceTree = "<group>"; };
		7E977DE22934BBEC00431F22 /* ContentView.swift */ = {isa = PBXFileReference; lastKnownFileType = sourcecode.swift; path = ContentView.swift; sourceTree = "<group>"; };
		7E977DE42934BBED00431F22 /* Assets.xcassets */ = {isa = PBXFileReference; lastKnownFileType = folder.assetcatalog; path = Assets.xcassets; sourceTree = "<group>"; };
		7E977DE72934BBED00431F22 /* Preview Assets.xcassets */ = {isa = PBXFileReference; lastKnownFileType = folder.assetcatalog; path = "Preview Assets.xcassets"; sourceTree = "<group>"; };
		7E977DEF2934BC1100431F22 /* Webservice.swift */ = {isa = PBXFileReference; lastKnownFileType = sourcecode.swift; path = Webservice.swift; sourceTree = "<group>"; };
		7E977DF22934BCA600431F22 /* Order.swift */ = {isa = PBXFileReference; lastKnownFileType = sourcecode.swift; path = Order.swift; sourceTree = "<group>"; };
		7E977DF52934C01A00431F22 /* CoffeeModel.swift */ = {isa = PBXFileReference; lastKnownFileType = sourcecode.swift; path = CoffeeModel.swift; sourceTree = "<group>"; };
		7E977DFA2934C8F100431F22 /* NumberFormatter+Currency.swift */ = {isa = PBXFileReference; lastKnownFileType = sourcecode.swift; path = "NumberFormatter+Currency.swift"; sourceTree = "<group>"; };
		7E977DFE2934CAAE00431F22 /* OrderCellView.swift */ = {isa = PBXFileReference; lastKnownFileType = sourcecode.swift; path = OrderCellView.swift; sourceTree = "<group>"; };
		7E977E012934CBCA00431F22 /* Configuration.swift */ = {isa = PBXFileReference; lastKnownFileType = sourcecode.swift; path = Configuration.swift; sourceTree = "<group>"; };
		7E977E072934D31B00431F22 /* HelloCoffeeEndToEndTests.xctest */ = {isa = PBXFileReference; explicitFileType = wrapper.cfbundle; includeInIndex = 0; path = HelloCoffeeEndToEndTests.xctest; sourceTree = BUILT_PRODUCTS_DIR; };
		7E977E092934D31B00431F22 /* WhenAppIsLaunchedWithNoOrdersTests.swift */ = {isa = PBXFileReference; lastKnownFileType = sourcecode.swift; path = WhenAppIsLaunchedWithNoOrdersTests.swift; sourceTree = "<group>"; };
		7E977E142934ED9000431F22 /* AddCoffeeView.swift */ = {isa = PBXFileReference; lastKnownFileType = sourcecode.swift; path = AddCoffeeView.swift; sourceTree = "<group>"; };
		7E977E162934F0E200431F22 /* View+CenterHorizontal.swift */ = {isa = PBXFileReference; lastKnownFileType = sourcecode.swift; path = "View+CenterHorizontal.swift"; sourceTree = "<group>"; };
		7E977E182934F43700431F22 /* String+isNumeric.swift */ = {isa = PBXFileReference; lastKnownFileType = sourcecode.swift; path = "String+isNumeric.swift"; sourceTree = "<group>"; };
		7E977E1A2934F47C00431F22 /* String+isLessThan.swift */ = {isa = PBXFileReference; lastKnownFileType = sourcecode.swift; path = "String+isLessThan.swift"; sourceTree = "<group>"; };
		7E977E1C2934FB2800431F22 /* WhenAddingANewCoffeeOrderTests.swift */ = {isa = PBXFileReference; lastKnownFileType = sourcecode.swift; path = WhenAddingANewCoffeeOrderTests.swift; sourceTree = "<group>"; };
		7E977E202935168300431F22 /* WhenDeletingAnOrderTests.swift */ = {isa = PBXFileReference; lastKnownFileType = sourcecode.swift; path = WhenDeletingAnOrderTests.swift; sourceTree = "<group>"; };
/* End PBXFileReference section */

/* Begin PBXFrameworksBuildPhase section */
		7E977DDA2934BBEC00431F22 /* Frameworks */ = {
			isa = PBXFrameworksBuildPhase;
			buildActionMask = 2147483647;
			files = (
			);
			runOnlyForDeploymentPostprocessing = 0;
		};
		7E977E042934D31B00431F22 /* Frameworks */ = {
			isa = PBXFrameworksBuildPhase;
			buildActionMask = 2147483647;
			files = (
			);
			runOnlyForDeploymentPostprocessing = 0;
		};
/* End PBXFrameworksBuildPhase section */

/* Begin PBXGroup section */
		7E977DD42934BBEC00431F22 = {
			isa = PBXGroup;
			children = (
				7E977DDF2934BBEC00431F22 /* HelloCoffee */,
				7E977E082934D31B00431F22 /* HelloCoffeeEndToEndTests */,
				7E977DDE2934BBEC00431F22 /* Products */,
			);
			sourceTree = "<group>";
		};
		7E977DDE2934BBEC00431F22 /* Products */ = {
			isa = PBXGroup;
			children = (
				7E977DDD2934BBEC00431F22 /* HelloCoffee.app */,
				7E977E072934D31B00431F22 /* HelloCoffeeEndToEndTests.xctest */,
			);
			name = Products;
			sourceTree = "<group>";
		};
		7E977DDF2934BBEC00431F22 /* HelloCoffee */ = {
			isa = PBXGroup;
			children = (
				7E977DE02934BBEC00431F22 /* HelloCoffeeApp.swift */,
				7E977DE42934BBED00431F22 /* Assets.xcassets */,
				7E977DF42934BFBB00431F22 /* Aggregate Model */,
				7E977DF12934BC9B00431F22 /* Model */,
				7E977DF72934C03200431F22 /* View */,
				7E977DEE2934BBFB00431F22 /* Service */,
				7E977DF92934C8D400431F22 /* Extension */,
				7E977E002934CBB100431F22 /* Utility */,
				7E977DE62934BBED00431F22 /* Preview Content */,
			);
			path = HelloCoffee;
			sourceTree = "<group>";
		};
		7E977DE62934BBED00431F22 /* Preview Content */ = {
			isa = PBXGroup;
			children = (
				7E977DE72934BBED00431F22 /* Preview Assets.xcassets */,
			);
			path = "Preview Content";
			sourceTree = "<group>";
		};
		7E977DEE2934BBFB00431F22 /* Service */ = {
			isa = PBXGroup;
			children = (
				7E977DEF2934BC1100431F22 /* Webservice.swift */,
			);
			path = Service;
			sourceTree = "<group>";
		};
		7E977DF12934BC9B00431F22 /* Model */ = {
			isa = PBXGroup;
			children = (
				7E977DF22934BCA600431F22 /* Order.swift */,
			);
			path = Model;
			sourceTree = "<group>";
		};
		7E977DF42934BFBB00431F22 /* Aggregate Model */ = {
			isa = PBXGroup;
			children = (
				7E977DF52934C01A00431F22 /* CoffeeModel.swift */,
			);
			path = "Aggregate Model";
			sourceTree = "<group>";
		};
		7E977DF72934C03200431F22 /* View */ = {
			isa = PBXGroup;
			children = (
				7E977DE22934BBEC00431F22 /* ContentView.swift */,
				7E977DF82934C47E00431F22 /* Coffee */,
			);
			path = View;
			sourceTree = "<group>";
		};
		7E977DF82934C47E00431F22 /* Coffee */ = {
			isa = PBXGroup;
			children = (
				7E977DFE2934CAAE00431F22 /* OrderCellView.swift */,
				7E977E142934ED9000431F22 /* AddCoffeeView.swift */,
			);
			path = Coffee;
			sourceTree = "<group>";
		};
		7E977DF92934C8D400431F22 /* Extension */ = {
			isa = PBXGroup;
			children = (
				7E977DFA2934C8F100431F22 /* NumberFormatter+Currency.swift */,
				7E977E162934F0E200431F22 /* View+CenterHorizontal.swift */,
				7E977E182934F43700431F22 /* String+isNumeric.swift */,
				7E977E1A2934F47C00431F22 /* String+isLessThan.swift */,
			);
			path = Extension;
			sourceTree = "<group>";
		};
		7E977E002934CBB100431F22 /* Utility */ = {
			isa = PBXGroup;
			children = (
				7E977E012934CBCA00431F22 /* Configuration.swift */,
			);
			path = Utility;
			sourceTree = "<group>";
		};
		7E977E082934D31B00431F22 /* HelloCoffeeEndToEndTests */ = {
			isa = PBXGroup;
			children = (
				7E977E092934D31B00431F22 /* WhenAppIsLaunchedWithNoOrdersTests.swift */,
				7E977E1C2934FB2800431F22 /* WhenAddingANewCoffeeOrderTests.swift */,
				7E977E202935168300431F22 /* WhenDeletingAnOrderTests.swift */,
			);
			path = HelloCoffeeEndToEndTests;
			sourceTree = "<group>";
		};
/* End PBXGroup section */

/* Begin PBXNativeTarget section */
		7E977DDC2934BBEC00431F22 /* HelloCoffee */ = {
			isa = PBXNativeTarget;
			buildConfigurationList = 7E977DEB2934BBED00431F22 /* Build configuration list for PBXNativeTarget "HelloCoffee" */;
			buildPhases = (
				7E977DD92934BBEC00431F22 /* Sources */,
				7E977DDA2934BBEC00431F22 /* Frameworks */,
				7E977DDB2934BBEC00431F22 /* Resources */,
			);
			buildRules = (
			);
			dependencies = (
			);
			name = HelloCoffee;
			productName = HelloCoffee;
			productReference = 7E977DDD2934BBEC00431F22 /* HelloCoffee.app */;
			productType = "com.apple.product-type.application";
		};
		7E977E062934D31B00431F22 /* HelloCoffeeEndToEndTests */ = {
			isa = PBXNativeTarget;
			buildConfigurationList = 7E977E0F2934D31B00431F22 /* Build configuration list for PBXNativeTarget "HelloCoffeeEndToEndTests" */;
			buildPhases = (
				7E977E032934D31B00431F22 /* Sources */,
				7E977E042934D31B00431F22 /* Frameworks */,
				7E977E052934D31B00431F22 /* Resources */,
			);
			buildRules = (
			);
			dependencies = (
				7E977E0E2934D31B00431F22 /* PBXTargetDependency */,
			);
			name = HelloCoffeeEndToEndTests;
			productName = HelloCoffeeEndToEndTests;
			productReference = 7E977E072934D31B00431F22 /* HelloCoffeeEndToEndTests.xctest */;
			productType = "com.apple.product-type.bundle.ui-testing";
		};
/* End PBXNativeTarget section */

/* Begin PBXProject section */
		7E977DD52934BBEC00431F22 /* Project object */ = {
			isa = PBXProject;
			attributes = {
				BuildIndependentTargetsInParallel = 1;
				LastSwiftUpdateCheck = 1410;
				LastUpgradeCheck = 1410;
				TargetAttributes = {
					7E977DDC2934BBEC00431F22 = {
						CreatedOnToolsVersion = 14.1;
					};
					7E977E062934D31B00431F22 = {
						CreatedOnToolsVersion = 14.1;
						TestTargetID = 7E977DDC2934BBEC00431F22;
					};
				};
			};
			buildConfigurationList = 7E977DD82934BBEC00431F22 /* Build configuration list for PBXProject "HelloCoffee" */;
			compatibilityVersion = "Xcode 14.0";
			developmentRegion = en;
			hasScannedForEncodings = 0;
			knownRegions = (
				en,
				Base,
			);
			mainGroup = 7E977DD42934BBEC00431F22;
			productRefGroup = 7E977DDE2934BBEC00431F22 /* Products */;
			projectDirPath = "";
			projectRoot = "";
			targets = (
				7E977DDC2934BBEC00431F22 /* HelloCoffee */,
				7E977E062934D31B00431F22 /* HelloCoffeeEndToEndTests */,
			);
		};
/* End PBXProject section */

/* Begin PBXResourcesBuildPhase section */
		7E977DDB2934BBEC00431F22 /* Resources */ = {
			isa = PBXResourcesBuildPhase;
			buildActionMask = 2147483647;
			files = (
				7E977DE82934BBED00431F22 /* Preview Assets.xcassets in Resources */,
				7E977DE52934BBED00431F22 /* Assets.xcassets in Resources */,
			);
			runOnlyForDeploymentPostprocessing = 0;
		};
		7E977E052934D31B00431F22 /* Resources */ = {
			isa = PBXResourcesBuildPhase;
			buildActionMask = 2147483647;
			files = (
			);
			runOnlyForDeploymentPostprocessing = 0;
		};
/* End PBXResourcesBuildPhase section */

/* Begin PBXSourcesBuildPhase section */
		7E977DD92934BBEC00431F22 /* Sources */ = {
			isa = PBXSourcesBuildPhase;
			buildActionMask = 2147483647;
			files = (
				7E977DE32934BBEC00431F22 /* ContentView.swift in Sources */,
				7E977DFF2934CAAE00431F22 /* OrderCellView.swift in Sources */,
				7E977DF62934C01A00431F22 /* CoffeeModel.swift in Sources */,
				7E977DFB2934C8F100431F22 /* NumberFormatter+Currency.swift in Sources */,
				7E977E152934ED9000431F22 /* AddCoffeeView.swift in Sources */,
				7E977DE12934BBEC00431F22 /* HelloCoffeeApp.swift in Sources */,
				7E977E1B2934F47C00431F22 /* String+isLessThan.swift in Sources */,
				7E977E192934F43700431F22 /* String+isNumeric.swift in Sources */,
				7E977E022934CBCA00431F22 /* Configuration.swift in Sources */,
				7E977DF32934BCA600431F22 /* Order.swift in Sources */,
				7E977DF02934BC1100431F22 /* Webservice.swift in Sources */,
				7E977E172934F0E200431F22 /* View+CenterHorizontal.swift in Sources */,
			);
			runOnlyForDeploymentPostprocessing = 0;
		};
		7E977E032934D31B00431F22 /* Sources */ = {
			isa = PBXSourcesBuildPhase;
			buildActionMask = 2147483647;
			files = (
				7E977E212935168300431F22 /* WhenDeletingAnOrderTests.swift in Sources */,
				7E977E1D2934FB2800431F22 /* WhenAddingANewCoffeeOrderTests.swift in Sources */,
				7E977E0A2934D31B00431F22 /* WhenAppIsLaunchedWithNoOrdersTests.swift in Sources */,
			);
			runOnlyForDeploymentPostprocessing = 0;
		};
/* End PBXSourcesBuildPhase section */

/* Begin PBXTargetDependency section */
		7E977E0E2934D31B00431F22 /* PBXTargetDependency */ = {
			isa = PBXTargetDependency;
			target = 7E977DDC2934BBEC00431F22 /* HelloCoffee */;
			targetProxy = 7E977E0D2934D31B00431F22 /* PBXContainerItemProxy */;
		};
/* End PBXTargetDependency section */

/* Begin XCBuildConfiguration section */
		7E977DE92934BBED00431F22 /* Debug */ = {
			isa = XCBuildConfiguration;
			buildSettings = {
				ALWAYS_SEARCH_USER_PATHS = NO;
				CLANG_ANALYZER_NONNULL = YES;
				CLANG_ANALYZER_NUMBER_OBJECT_CONVERSION = YES_AGGRESSIVE;
				CLANG_CXX_LANGUAGE_STANDARD = "gnu++20";
				CLANG_ENABLE_MODULES = YES;
				CLANG_ENABLE_OBJC_ARC = YES;
				CLANG_ENABLE_OBJC_WEAK = YES;
				CLANG_WARN_BLOCK_CAPTURE_AUTORELEASING = YES;
				CLANG_WARN_BOOL_CONVERSION = YES;
				CLANG_WARN_COMMA = YES;
				CLANG_WARN_CONSTANT_CONVERSION = YES;
				CLANG_WARN_DEPRECATED_OBJC_IMPLEMENTATIONS = YES;
				CLANG_WARN_DIRECT_OBJC_ISA_USAGE = YES_ERROR;
				CLANG_WARN_DOCUMENTATION_COMMENTS = YES;
				CLANG_WARN_EMPTY_BODY = YES;
				CLANG_WARN_ENUM_CONVERSION = YES;
				CLANG_WARN_INFINITE_RECURSION = YES;
				CLANG_WARN_INT_CONVERSION = YES;
				CLANG_WARN_NON_LITERAL_NULL_CONVERSION = YES;
				CLANG_WARN_OBJC_IMPLICIT_RETAIN_SELF = YES;
				CLANG_WARN_OBJC_LITERAL_CONVERSION = YES;
				CLANG_WARN_OBJC_ROOT_CLASS = YES_ERROR;
				CLANG_WARN_QUOTED_INCLUDE_IN_FRAMEWORK_HEADER = YES;
				CLANG_WARN_RANGE_LOOP_ANALYSIS = YES;
				CLANG_WARN_STRICT_PROTOTYPES = YES;
				CLANG_WARN_SUSPICIOUS_MOVE = YES;
				CLANG_WARN_UNGUARDED_AVAILABILITY = YES_AGGRESSIVE;
				CLANG_WARN_UNREACHABLE_CODE = YES;
				CLANG_WARN__DUPLICATE_METHOD_MATCH = YES;
				COPY_PHASE_STRIP = NO;
				DEBUG_INFORMATION_FORMAT = dwarf;
				ENABLE_STRICT_OBJC_MSGSEND = YES;
				ENABLE_TESTABILITY = YES;
				GCC_C_LANGUAGE_STANDARD = gnu11;
				GCC_DYNAMIC_NO_PIC = NO;
				GCC_NO_COMMON_BLOCKS = YES;
				GCC_OPTIMIZATION_LEVEL = 0;
				GCC_PREPROCESSOR_DEFINITIONS = (
					"DEBUG=1",
					"$(inherited)",
				);
				GCC_WARN_64_TO_32_BIT_CONVERSION = YES;
				GCC_WARN_ABOUT_RETURN_TYPE = YES_ERROR;
				GCC_WARN_UNDECLARED_SELECTOR = YES;
				GCC_WARN_UNINITIALIZED_AUTOS = YES_AGGRESSIVE;
				GCC_WARN_UNUSED_FUNCTION = YES;
				GCC_WARN_UNUSED_VARIABLE = YES;
				IPHONEOS_DEPLOYMENT_TARGET = 16.1;
				MTL_ENABLE_DEBUG_INFO = INCLUDE_SOURCE;
				MTL_FAST_MATH = YES;
				ONLY_ACTIVE_ARCH = YES;
				SDKROOT = iphoneos;
				SWIFT_ACTIVE_COMPILATION_CONDITIONS = DEBUG;
				SWIFT_OPTIMIZATION_LEVEL = "-Onone";
			};
			name = Debug;
		};
		7E977DEA2934BBED00431F22 /* Release */ = {
			isa = XCBuildConfiguration;
			buildSettings = {
				ALWAYS_SEARCH_USER_PATHS = NO;
				CLANG_ANALYZER_NONNULL = YES;
				CLANG_ANALYZER_NUMBER_OBJECT_CONVERSION = YES_AGGRESSIVE;
				CLANG_CXX_LANGUAGE_STANDARD = "gnu++20";
				CLANG_ENABLE_MODULES = YES;
				CLANG_ENABLE_OBJC_ARC = YES;
				CLANG_ENABLE_OBJC_WEAK = YES;
				CLANG_WARN_BLOCK_CAPTURE_AUTORELEASING = YES;
				CLANG_WARN_BOOL_CONVERSION = YES;
				CLANG_WARN_COMMA = YES;
				CLANG_WARN_CONSTANT_CONVERSION = YES;
				CLANG_WARN_DEPRECATED_OBJC_IMPLEMENTATIONS = YES;
				CLANG_WARN_DIRECT_OBJC_ISA_USAGE = YES_ERROR;
				CLANG_WARN_DOCUMENTATION_COMMENTS = YES;
				CLANG_WARN_EMPTY_BODY = YES;
				CLANG_WARN_ENUM_CONVERSION = YES;
				CLANG_WARN_INFINITE_RECURSION = YES;
				CLANG_WARN_INT_CONVERSION = YES;
				CLANG_WARN_NON_LITERAL_NULL_CONVERSION = YES;
				CLANG_WARN_OBJC_IMPLICIT_RETAIN_SELF = YES;
				CLANG_WARN_OBJC_LITERAL_CONVERSION = YES;
				CLANG_WARN_OBJC_ROOT_CLASS = YES_ERROR;
				CLANG_WARN_QUOTED_INCLUDE_IN_FRAMEWORK_HEADER = YES;
				CLANG_WARN_RANGE_LOOP_ANALYSIS = YES;
				CLANG_WARN_STRICT_PROTOTYPES = YES;
				CLANG_WARN_SUSPICIOUS_MOVE = YES;
				CLANG_WARN_UNGUARDED_AVAILABILITY = YES_AGGRESSIVE;
				CLANG_WARN_UNREACHABLE_CODE = YES;
				CLANG_WARN__DUPLICATE_METHOD_MATCH = YES;
				COPY_PHASE_STRIP = NO;
				DEBUG_INFORMATION_FORMAT = "dwarf-with-dsym";
				ENABLE_NS_ASSERTIONS = NO;
				ENABLE_STRICT_OBJC_MSGSEND = YES;
				GCC_C_LANGUAGE_STANDARD = gnu11;
				GCC_NO_COMMON_BLOCKS = YES;
				GCC_WARN_64_TO_32_BIT_CONVERSION = YES;
				GCC_WARN_ABOUT_RETURN_TYPE = YES_ERROR;
				GCC_WARN_UNDECLARED_SELECTOR = YES;
				GCC_WARN_UNINITIALIZED_AUTOS = YES_AGGRESSIVE;
				GCC_WARN_UNUSED_FUNCTION = YES;
				GCC_WARN_UNUSED_VARIABLE = YES;
				IPHONEOS_DEPLOYMENT_TARGET = 16.1;
				MTL_ENABLE_DEBUG_INFO = NO;
				MTL_FAST_MATH = YES;
				SDKROOT = iphoneos;
				SWIFT_COMPILATION_MODE = wholemodule;
				SWIFT_OPTIMIZATION_LEVEL = "-O";
				VALIDATE_PRODUCT = YES;
			};
			name = Release;
		};
		7E977DEC2934BBED00431F22 /* Debug */ = {
			isa = XCBuildConfiguration;
			buildSettings = {
				ASSETCATALOG_COMPILER_APPICON_NAME = AppIcon;
				ASSETCATALOG_COMPILER_GLOBAL_ACCENT_COLOR_NAME = AccentColor;
				CODE_SIGN_STYLE = Automatic;
				CURRENT_PROJECT_VERSION = 1;
				DEVELOPMENT_ASSET_PATHS = "\"HelloCoffee/Preview Content\"";
				DEVELOPMENT_TEAM = 5U782822RV;
				ENABLE_PREVIEWS = YES;
				GENERATE_INFOPLIST_FILE = YES;
				INFOPLIST_KEY_UIApplicationSceneManifest_Generation = YES;
				INFOPLIST_KEY_UIApplicationSupportsIndirectInputEvents = YES;
				INFOPLIST_KEY_UILaunchScreen_Generation = YES;
				INFOPLIST_KEY_UISupportedInterfaceOrientations_iPad = "UIInterfaceOrientationPortrait UIInterfaceOrientationPortraitUpsideDown UIInterfaceOrientationLandscapeLeft UIInterfaceOrientationLandscapeRight";
				INFOPLIST_KEY_UISupportedInterfaceOrientations_iPhone = "UIInterfaceOrientationPortrait UIInterfaceOrientationLandscapeLeft UIInterfaceOrientationLandscapeRight";
				LD_RUNPATH_SEARCH_PATHS = (
					"$(inherited)",
					"@executable_path/Frameworks",
				);
				MARKETING_VERSION = 1.0;
				PRODUCT_BUNDLE_IDENTIFIER = ThomasG51.HelloCoffee;
				PRODUCT_NAME = "$(TARGET_NAME)";
				SWIFT_EMIT_LOC_STRINGS = YES;
				SWIFT_VERSION = 5.0;
				TARGETED_DEVICE_FAMILY = "1,2";
			};
			name = Debug;
		};
		7E977DED2934BBED00431F22 /* Release */ = {
			isa = XCBuildConfiguration;
			buildSettings = {
				ASSETCATALOG_COMPILER_APPICON_NAME = AppIcon;
				ASSETCATALOG_COMPILER_GLOBAL_ACCENT_COLOR_NAME = AccentColor;
				CODE_SIGN_STYLE = Automatic;
				CURRENT_PROJECT_VERSION = 1;
				DEVELOPMENT_ASSET_PATHS = "\"HelloCoffee/Preview Content\"";
				DEVELOPMENT_TEAM = 5U782822RV;
				ENABLE_PREVIEWS = YES;
				GENERATE_INFOPLIST_FILE = YES;
				INFOPLIST_KEY_UIApplicationSceneManifest_Generation = YES;
				INFOPLIST_KEY_UIApplicationSupportsIndirectInputEvents = YES;
				INFOPLIST_KEY_UILaunchScreen_Generation = YES;
				INFOPLIST_KEY_UISupportedInterfaceOrientations_iPad = "UIInterfaceOrientationPortrait UIInterfaceOrientationPortraitUpsideDown UIInterfaceOrientationLandscapeLeft UIInterfaceOrientationLandscapeRight";
				INFOPLIST_KEY_UISupportedInterfaceOrientations_iPhone = "UIInterfaceOrientationPortrait UIInterfaceOrientationLandscapeLeft UIInterfaceOrientationLandscapeRight";
				LD_RUNPATH_SEARCH_PATHS = (
					"$(inherited)",
					"@executable_path/Frameworks",
				);
				MARKETING_VERSION = 1.0;
				PRODUCT_BUNDLE_IDENTIFIER = ThomasG51.HelloCoffee;
				PRODUCT_NAME = "$(TARGET_NAME)";
				SWIFT_EMIT_LOC_STRINGS = YES;
				SWIFT_VERSION = 5.0;
				TARGETED_DEVICE_FAMILY = "1,2";
			};
			name = Release;
		};
		7E977E102934D31B00431F22 /* Debug */ = {
			isa = XCBuildConfiguration;
			buildSettings = {
				CODE_SIGN_STYLE = Automatic;
				CURRENT_PROJECT_VERSION = 1;
				DEVELOPMENT_TEAM = 5U782822RV;
				GENERATE_INFOPLIST_FILE = YES;
				MARKETING_VERSION = 1.0;
				PRODUCT_BUNDLE_IDENTIFIER = ThomasG51.HelloCoffeeEndToEndTests;
				PRODUCT_NAME = "$(TARGET_NAME)";
				SWIFT_EMIT_LOC_STRINGS = NO;
				SWIFT_VERSION = 5.0;
				TARGETED_DEVICE_FAMILY = "1,2";
				TEST_TARGET_NAME = HelloCoffee;
			};
			name = Debug;
		};
		7E977E112934D31B00431F22 /* Release */ = {
			isa = XCBuildConfiguration;
			buildSettings = {
				CODE_SIGN_STYLE = Automatic;
				CURRENT_PROJECT_VERSION = 1;
				DEVELOPMENT_TEAM = 5U782822RV;
				GENERATE_INFOPLIST_FILE = YES;
				MARKETING_VERSION = 1.0;
				PRODUCT_BUNDLE_IDENTIFIER = ThomasG51.HelloCoffeeEndToEndTests;
				PRODUCT_NAME = "$(TARGET_NAME)";
				SWIFT_EMIT_LOC_STRINGS = NO;
				SWIFT_VERSION = 5.0;
				TARGETED_DEVICE_FAMILY = "1,2";
				TEST_TARGET_NAME = HelloCoffee;
			};
			name = Release;
		};
/* End XCBuildConfiguration section */

/* Begin XCConfigurationList section */
		7E977DD82934BBEC00431F22 /* Build configuration list for PBXProject "HelloCoffee" */ = {
			isa = XCConfigurationList;
			buildConfigurations = (
				7E977DE92934BBED00431F22 /* Debug */,
				7E977DEA2934BBED00431F22 /* Release */,
			);
			defaultConfigurationIsVisible = 0;
			defaultConfigurationName = Release;
		};
		7E977DEB2934BBED00431F22 /* Build configuration list for PBXNativeTarget "HelloCoffee" */ = {
			isa = XCConfigurationList;
			buildConfigurations = (
				7E977DEC2934BBED00431F22 /* Debug */,
				7E977DED2934BBED00431F22 /* Release */,
			);
			defaultConfigurationIsVisible = 0;
			defaultConfigurationName = Release;
		};
		7E977E0F2934D31B00431F22 /* Build configuration list for PBXNativeTarget "HelloCoffeeEndToEndTests" */ = {
			isa = XCConfigurationList;
			buildConfigurations = (
				7E977E102934D31B00431F22 /* Debug */,
				7E977E112934D31B00431F22 /* Release */,
			);
			defaultConfigurationIsVisible = 0;
			defaultConfigurationName = Release;
		};
/* End XCConfigurationList section */
	};
	rootObject = 7E977DD52934BBEC00431F22 /* Project object */;
}
